
Microsoft Visual Studio Solution File, Format Version 12.00
# Visual Studio Version 17
VisualStudioVersion = 17.5.002.0
MinimumVisualStudioVersion = 10.0.40219.1
Project("{9A19103F-16F7-4668-BE54-9A1E7A4F7556}") = "BanHaiSan", "BanHaiSan.csproj", "{07B47B66-94FD-4949-9C09-F6DF8D087262}"
EndProject
Global
	GlobalSection(SolutionConfigurationPlatforms) = preSolution
		Debug|Any CPU = Debug|Any CPU
		Release|Any CPU = Release|Any CPU
	EndGlobalSection
	GlobalSection(ProjectConfigurationPlatforms) = postSolution
		{07B47B66-94FD-4949-9C09-F6DF8D087262}.Debug|Any CPU.ActiveCfg = Debug|Any CPU
		{07B47B66-94FD-4949-9C09-F6DF8D087262}.Debug|Any CPU.Build.0 = Debug|Any CPU
		{07B47B66-94FD-4949-9C09-F6DF8D087262}.Release|Any CPU.ActiveCfg = Release|Any CPU
		{07B47B66-94FD-4949-9C09-F6DF8D087262}.Release|Any CPU.Build.0 = Release|Any CPU
	EndGlobalSection
	GlobalSection(SolutionProperties) = preSolution
		HideSolutionNode = FALSE
	EndGlobalSection
	GlobalSection(ExtensibilityGlobals) = postSolution
		SolutionGuid = {5E17BFBE-6A9F-406E-A662-BDDD6418A408}
	EndGlobalSection
EndGlobal
